
Microsoft Visual Studio Solution File, Format Version 12.00
# Visual Studio 15
VisualStudioVersion = 15.0.28307.572
MinimumVisualStudioVersion = 10.0.40219.1
Project("{FAE04EC0-301F-11D3-BF4B-00C04F79EFBC}") = "RegMatch", "RegMatch\RegMatch.csproj", "{D3388920-246C-41A5-A9F8-3620487CCF58}"
EndProject
Global
	GlobalSection(SolutionConfigurationPlatforms) = preSolution
		Debug|Any CPU = Debug|Any CPU
		Release|Any CPU = Release|Any CPU
	EndGlobalSection
	GlobalSection(ProjectConfigurationPlatforms) = postSolution
		{D3388920-246C-41A5-A9F8-3620487CCF58}.Debug|Any CPU.ActiveCfg = Debug|Any CPU
		{D3388920-246C-41A5-A9F8-3620487CCF58}.Debug|Any CPU.Build.0 = Debug|Any CPU
		{D3388920-246C-41A5-A9F8-3620487CCF58}.Release|Any CPU.ActiveCfg = Release|Any CPU
		{D3388920-246C-41A5-A9F8-3620487CCF58}.Release|Any CPU.Build.0 = Release|Any CPU
	EndGlobalSection
	GlobalSection(SolutionProperties) = preSolution
		HideSolutionNode = FALSE
	EndGlobalSection
	GlobalSection(ExtensibilityGlobals) = postSolution
		SolutionGuid = {557FF317-9163-48AD-8317-6B5DE94E76C9}
	EndGlobalSection
EndGlobal
